
Microsoft Visual Studio Solution File, Format Version 12.00
# Visual Studio Version 17
VisualStudioVersion = 17.10.35013.160
MinimumVisualStudioVersion = 10.0.40219.1
Project("{FAE04EC0-301F-11D3-BF4B-00C04F79EFBC}") = "NCTR.M.A04", "NCTR.M.A04\NCTR.M.A04.csproj", "{687CE83C-C77F-426F-AA3A-FC91DED4ACF6}"
EndProject
Global
	GlobalSection(SolutionConfigurationPlatforms) = preSolution
		Debug|Any CPU = Debug|Any CPU
		Release|Any CPU = Release|Any CPU
	EndGlobalSection
	GlobalSection(ProjectConfigurationPlatforms) = postSolution
		{687CE83C-C77F-426F-AA3A-FC91DED4ACF6}.Debug|Any CPU.ActiveCfg = Debug|Any CPU
		{687CE83C-C77F-426F-AA3A-FC91DED4ACF6}.Debug|Any CPU.Build.0 = Debug|Any CPU
		{687CE83C-C77F-426F-AA3A-FC91DED4ACF6}.Release|Any CPU.ActiveCfg = Release|Any CPU
		{687CE83C-C77F-426F-AA3A-FC91DED4ACF6}.Release|Any CPU.Build.0 = Release|Any CPU
	EndGlobalSection
	GlobalSection(SolutionProperties) = preSolution
		HideSolutionNode = FALSE
	EndGlobalSection
	GlobalSection(ExtensibilityGlobals) = postSolution
		SolutionGuid = {EF1C25E3-9A34-4779-8618-9359B5B22979}
	EndGlobalSection
EndGlobal
